<?xml version="1.0" encoding="utf-8"?>
<Project ToolsVersion="4.0" xmlns="http://schemas.microsoft.com/developer/msbuild/2003">
  <ItemGroup>
    <Filter Include="Source Files">
      <UniqueIdentifier>{05eb8baa-71b3-411a-8b8c-2f3b8b4ffcf4}</UniqueIdentifier>
      <Extensions>cpp;c;cxx;def;odl;idl;hpj;bat;asm</Extensions>
    </Filter>
    <Filter Include="Header Files">
      <UniqueIdentifier>{351ad3b5-0203-49a1-88a7-734e0c3e53c5}</UniqueIdentifier>
      <Extensions>h;hpp;hxx;hm;inl;inc</Extensions>
    </Filter>
    <Filter Include="Resource Files">
      <UniqueIdentifier>{0d084dd7-2d8a-4876-8bfd-ffb90de6c86c}</UniqueIdentifier>
      <Extensions>rc;ico;cur;bmp;dlg;rc2;rct;bin;rgs;jpg;jpeg;jpe;manifest</Extensions>
    </Filter>
  </ItemGroup>
  <ItemGroup>
    <ClCompile Include="FullscreenHelper.cpp">
      <Filter>Source Files</Filter>
    </ClCompile>
    <ClCompile Include="LogFile.cpp">
      <Filter>Source Files</Filter>
    </ClCompile>
    <ClCompile Include="MainFrame.cpp">
      <Filter>Source Files</Filter>
    </ClCompile>
    <ClCompile Include="PartyVideoDJ.cpp">
      <Filter>Source Files</Filter>
    </ClCompile>
    <ClCompile Include="Playlist.cpp">
      <Filter>Source Files</Filter>
    </ClCompile>
    <ClCompile Include="PlaylistCtrl.cpp">
      <Filter>Source Files</Filter>
    </ClCompile>
    <ClCompile Include="stdafx.cpp">
      <Filter>Source Files</Filter>
    </ClCompile>
    <ClCompile Include="TemporaryPlaylistProvider.cpp">
      <Filter>Source Files</Filter>
    </ClCompile>
    <ClCompile Include="VideoPlaybackManager.cpp">
      <Filter>Source Files</Filter>
    </ClCompile>
    <ClCompile Include="VideoSearchView.cpp">
      <Filter>Source Files</Filter>
    </ClCompile>
    <ClCompile Include="YouTubeWebPageView.cpp">
      <Filter>Source Files</Filter>
    </ClCompile>
  </ItemGroup>
  <ItemGroup>
    <ClInclude Include="AboutDlg.hpp">
      <Filter>Header Files</Filter>
    </ClInclude>
    <ClInclude Include="ControlBarForm.hpp">
      <Filter>Header Files</Filter>
    </ClInclude>
    <ClInclude Include="FullscreenHelper.hpp">
      <Filter>Header Files</Filter>
    </ClInclude>
    <ClInclude Include="IconList.hpp">
      <Filter>Header Files</Filter>
    </ClInclude>
    <ClInclude Include="IPlaybackApp.hpp">
      <Filter>Header Files</Filter>
    </ClInclude>
    <ClInclude Include="IPlaylist.hpp">
      <Filter>Header Files</Filter>
    </ClInclude>
    <ClInclude Include="IPlaylistProvider.hpp">
      <Filter>Header Files</Filter>
    </ClInclude>
    <ClInclude Include="ListViewDragRearrange.h">
      <Filter>Header Files</Filter>
    </ClInclude>
    <ClInclude Include="LogFile.hpp">
      <Filter>Header Files</Filter>
    </ClInclude>
    <ClInclude Include="MainFrame.hpp">
      <Filter>Header Files</Filter>
    </ClInclude>
    <ClInclude Include="Playlist.hpp">
      <Filter>Header Files</Filter>
    </ClInclude>
    <ClInclude Include="PlaylistCtrl.hpp">
      <Filter>Header Files</Filter>
    </ClInclude>
    <ClInclude Include="Screensaver.hpp">
      <Filter>Header Files</Filter>
    </ClInclude>
    <ClInclude Include="stdafx.h">
      <Filter>Header Files</Filter>
    </ClInclude>
    <ClInclude Include="TemporaryPlaylistProvider.hpp">
      <Filter>Header Files</Filter>
    </ClInclude>
    <ClInclude Include="VideoInfo.hpp">
      <Filter>Header Files</Filter>
    </ClInclude>
    <ClInclude Include="VideoPlaybackManager.hpp">
      <Filter>Header Files</Filter>
    </ClInclude>
    <ClInclude Include="VideoSearchView.hpp">
      <Filter>Header Files</Filter>
    </ClInclude>
    <ClInclude Include="WebPageWindow.hpp">
      <Filter>Header Files</Filter>
    </ClInclude>
    <ClInclude Include="WebPageWindowEx.hpp">
      <Filter>Header Files</Filter>
    </ClInclude>
    <ClInclude Include="YouTubeWebPageView.hpp">
      <Filter>Header Files</Filter>
    </ClInclude>
    <ClInclude Include="resource.h">
      <Filter>Resource Files</Filter>
    </ClInclude>
  </ItemGroup>
  <ItemGroup>
    <Image Include="res\iconlist.bmp">
      <Filter>Resource Files</Filter>
    </Image>
    <Image Include="res\PartyVideoDJ.ico">
      <Filter>Resource Files</Filter>
    </Image>
    <Image Include="res\toolbar.bmp">
      <Filter>Resource Files</Filter>
    </Image>
  </ItemGroup>
  <ItemGroup>
    <None Include="res\iconlist.xcf">
      <Filter>Resource Files</Filter>
    </None>
    <None Include="res\versioninfo.rc2">
      <Filter>Resource Files</Filter>
    </None>
    <None Include="res\youtube-template.html">
      <Filter>Resource Files</Filter>
    </None>
    <None Include="packages.config" />
  </ItemGroup>
  <ItemGroup>
    <ResourceCompile Include="PartyVideoDJ.rc">
      <Filter>Resource Files</Filter>
    </ResourceCompile>
  </ItemGroup>
</Project>