<?xml version="1.0" encoding="utf-8"?>
<Project ToolsVersion="4.0" xmlns="http://schemas.microsoft.com/developer/msbuild/2003">
  <ItemGroup>
    <Filter Include="Source Files">
      <UniqueIdentifier>{d9b78e78-bace-462a-8da6-6374d4256634}</UniqueIdentifier>
      <Extensions>cpp;c;cxx;def;odl;idl;hpj;bat;asm</Extensions>
    </Filter>
    <Filter Include="Header Files">
      <UniqueIdentifier>{b06bc700-fbac-411d-b50e-54334b1ba9b5}</UniqueIdentifier>
      <Extensions>h;hpp;hxx;hm;inl;inc</Extensions>
    </Filter>
    <Filter Include="Resource Files">
      <UniqueIdentifier>{cc8cc30f-1311-46a5-b8c6-875ea3cb2bbf}</UniqueIdentifier>
      <Extensions>rc;ico;cur;bmp;dlg;rc2;rct;bin;rgs;jpg;jpeg;jpe;manifest</Extensions>
    </Filter>
  </ItemGroup>
  <ItemGroup>
    <ClCompile Include="stdafx.cpp">
      <Filter>Source Files</Filter>
    </ClCompile>
    <ClCompile Include="AboutDlg.cpp">
      <Filter>Source Files</Filter>
    </ClCompile>
    <ClCompile Include="Application.cpp">
      <Filter>Source Files</Filter>
    </ClCompile>
    <ClCompile Include="HardwareKeyManager.cpp">
      <Filter>Source Files</Filter>
    </ClCompile>
    <ClCompile Include="Logger.cpp">
      <Filter>Source Files</Filter>
    </ClCompile>
    <ClCompile Include="Receiver.cpp">
      <Filter>Source Files</Filter>
    </ClCompile>
    <ClCompile Include="Recorder.cpp">
      <Filter>Source Files</Filter>
    </ClCompile>
    <ClCompile Include="RecorderFrame.cpp">
      <Filter>Source Files</Filter>
    </ClCompile>
    <ClCompile Include="RecorderView.cpp">
      <Filter>Source Files</Filter>
    </ClCompile>
    <ClCompile Include="ShellNotifyIcon.cpp">
      <Filter>Source Files</Filter>
    </ClCompile>
    <ClCompile Include="VideoPowerManager.cpp">
      <Filter>Source Files</Filter>
    </ClCompile>
    <ClCompile Include="SerialPort.cpp">
      <Filter>Source Files</Filter>
    </ClCompile>
    <ClCompile Include="BacklightManager.cpp">
      <Filter>Source Files</Filter>
    </ClCompile>
    <ClCompile Include="BatteryManager.cpp">
      <Filter>Source Files</Filter>
    </ClCompile>
    <ClCompile Include="DisplayOffManager.cpp">
      <Filter>Source Files</Filter>
    </ClCompile>
    <ClCompile Include="WaitEventThread.cpp">
      <Filter>Source Files</Filter>
    </ClCompile>
  </ItemGroup>
  <ItemGroup>
    <ClInclude Include="stdafx.h">
      <Filter>Header Files</Filter>
    </ClInclude>
    <ClInclude Include="AboutDlg.h">
      <Filter>Header Files</Filter>
    </ClInclude>
    <ClInclude Include="Application.hpp">
      <Filter>Header Files</Filter>
    </ClInclude>
    <ClInclude Include="HardwareKeyManager.hpp">
      <Filter>Header Files</Filter>
    </ClInclude>
    <ClInclude Include="Receiver.hpp">
      <Filter>Header Files</Filter>
    </ClInclude>
    <ClInclude Include="RecorderFrame.h">
      <Filter>Header Files</Filter>
    </ClInclude>
    <ClInclude Include="RecorderView.h">
      <Filter>Header Files</Filter>
    </ClInclude>
    <ClInclude Include="SerialPort.hpp">
      <Filter>Header Files</Filter>
    </ClInclude>
    <ClInclude Include="Settings.hpp">
      <Filter>Header Files</Filter>
    </ClInclude>
    <ClInclude Include="ShellNotifyIcon.hpp">
      <Filter>Header Files</Filter>
    </ClInclude>
    <ClInclude Include="VideoPowerManager.hpp">
      <Filter>Header Files</Filter>
    </ClInclude>
    <ClInclude Include="WorkerThread.hpp">
      <Filter>Header Files</Filter>
    </ClInclude>
    <ClInclude Include="resource.h">
      <Filter>Resource Files</Filter>
    </ClInclude>
    <ClInclude Include="WinCECompat.hpp">
      <Filter>Header Files</Filter>
    </ClInclude>
    <ClInclude Include="WaitEventThread.hpp">
      <Filter>Header Files</Filter>
    </ClInclude>
    <ClInclude Include="SerialPortImplWinCE.hpp">
      <Filter>Header Files</Filter>
    </ClInclude>
    <ClInclude Include="Logger.hpp">
      <Filter>Header Files</Filter>
    </ClInclude>
    <ClInclude Include="BatteryManager.hpp">
      <Filter>Header Files</Filter>
    </ClInclude>
    <ClInclude Include="BacklightManager.hpp">
      <Filter>Header Files</Filter>
    </ClInclude>
  </ItemGroup>
  <ItemGroup>
    <ResourceCompile Include="Recorder.rc">
      <Filter>Resource Files</Filter>
    </ResourceCompile>
  </ItemGroup>
  <ItemGroup>
    <Image Include="res\RecorderWTL10.ico">
      <Filter>Resource Files</Filter>
    </Image>
  </ItemGroup>
  <ItemGroup>
    <None Include="packages.config" />
  </ItemGroup>
</Project>