
Microsoft Visual Studio Solution File, Format Version 12.00
# Visual Studio 14
VisualStudioVersion = 14.0.25123.0
MinimumVisualStudioVersion = 10.0.40219.1
Project("{8BC9CEB8-8B4A-11D0-8D11-00A0C91BC942}") = "Emulator.Logic.Android", "Emulator\Logic\Emulator.Logic.Android.vcxproj", "{015FF1D8-42F8-4EC1-9046-A69E9FB77F85}"
EndProject
Project("{8BC9CEB8-8B4A-11D0-8D11-00A0C91BC942}") = "Emulator.Android", "Emulator\Emulator.Android.vcxproj", "{F2EBDC92-78F4-4446-8D31-0CC43BF41CC5}"
EndProject
Project("{39E2626F-3545-4960-A6E8-258AD8476CE5}") = "Emulator.Android.Packaging", "Emulator\Android\Emulator.Android.Packaging.androidproj", "{C214AF46-1EA7-44AB-BC3A-08BB36D1DF7C}"
EndProject
Project("{8BC9CEB8-8B4A-11D0-8D11-00A0C91BC942}") = "GameClient2D.Android", "GameClient2D\GameClient2D.Android.vcxproj", "{717EE930-7831-4838-BE04-95D18CEE79C8}"
EndProject
Project("{8BC9CEB8-8B4A-11D0-8D11-00A0C91BC942}") = "Intro.Android", "Intro\Intro.Android.vcxproj", "{64B40CD2-0F11-42E3-8FA3-E926A944B6CF}"
EndProject
Project("{39E2626F-3545-4960-A6E8-258AD8476CE5}") = "Intro.Android.Packaging", "Intro\Android\Intro.Android.Packaging.androidproj", "{6D62A59E-4AE8-44CD-A8AA-28E7CC10CB91}"
EndProject
Global
	GlobalSection(SolutionConfigurationPlatforms) = preSolution
		Debug|ARM = Debug|ARM
		Debug|ARM64 = Debug|ARM64
		Debug|x64 = Debug|x64
		Debug|x86 = Debug|x86
		Release|ARM = Release|ARM
		Release|ARM64 = Release|ARM64
		Release|x64 = Release|x64
		Release|x86 = Release|x86
	EndGlobalSection
	GlobalSection(ProjectConfigurationPlatforms) = postSolution
		{015FF1D8-42F8-4EC1-9046-A69E9FB77F85}.Debug|ARM.ActiveCfg = Debug|ARM
		{015FF1D8-42F8-4EC1-9046-A69E9FB77F85}.Debug|ARM.Build.0 = Debug|ARM
		{015FF1D8-42F8-4EC1-9046-A69E9FB77F85}.Debug|ARM64.ActiveCfg = Debug|ARM64
		{015FF1D8-42F8-4EC1-9046-A69E9FB77F85}.Debug|ARM64.Build.0 = Debug|ARM64
		{015FF1D8-42F8-4EC1-9046-A69E9FB77F85}.Debug|x64.ActiveCfg = Debug|x64
		{015FF1D8-42F8-4EC1-9046-A69E9FB77F85}.Debug|x64.Build.0 = Debug|x64
		{015FF1D8-42F8-4EC1-9046-A69E9FB77F85}.Debug|x86.ActiveCfg = Debug|x86
		{015FF1D8-42F8-4EC1-9046-A69E9FB77F85}.Release|ARM.ActiveCfg = Release|ARM
		{015FF1D8-42F8-4EC1-9046-A69E9FB77F85}.Release|ARM.Build.0 = Release|ARM
		{015FF1D8-42F8-4EC1-9046-A69E9FB77F85}.Release|ARM64.ActiveCfg = Release|ARM64
		{015FF1D8-42F8-4EC1-9046-A69E9FB77F85}.Release|ARM64.Build.0 = Release|ARM64
		{015FF1D8-42F8-4EC1-9046-A69E9FB77F85}.Release|x64.ActiveCfg = Release|x64
		{015FF1D8-42F8-4EC1-9046-A69E9FB77F85}.Release|x64.Build.0 = Release|x64
		{015FF1D8-42F8-4EC1-9046-A69E9FB77F85}.Release|x86.ActiveCfg = Release|x86
		{F2EBDC92-78F4-4446-8D31-0CC43BF41CC5}.Debug|ARM.ActiveCfg = Debug|ARM
		{F2EBDC92-78F4-4446-8D31-0CC43BF41CC5}.Debug|ARM.Build.0 = Debug|ARM
		{F2EBDC92-78F4-4446-8D31-0CC43BF41CC5}.Debug|ARM64.ActiveCfg = Debug|ARM64
		{F2EBDC92-78F4-4446-8D31-0CC43BF41CC5}.Debug|ARM64.Build.0 = Debug|ARM64
		{F2EBDC92-78F4-4446-8D31-0CC43BF41CC5}.Debug|x64.ActiveCfg = Debug|x64
		{F2EBDC92-78F4-4446-8D31-0CC43BF41CC5}.Debug|x64.Build.0 = Debug|x64
		{F2EBDC92-78F4-4446-8D31-0CC43BF41CC5}.Debug|x86.ActiveCfg = Debug|x86
		{F2EBDC92-78F4-4446-8D31-0CC43BF41CC5}.Release|ARM.ActiveCfg = Release|ARM
		{F2EBDC92-78F4-4446-8D31-0CC43BF41CC5}.Release|ARM.Build.0 = Release|ARM
		{F2EBDC92-78F4-4446-8D31-0CC43BF41CC5}.Release|ARM64.ActiveCfg = Release|ARM64
		{F2EBDC92-78F4-4446-8D31-0CC43BF41CC5}.Release|ARM64.Build.0 = Release|ARM64
		{F2EBDC92-78F4-4446-8D31-0CC43BF41CC5}.Release|x64.ActiveCfg = Release|x64
		{F2EBDC92-78F4-4446-8D31-0CC43BF41CC5}.Release|x64.Build.0 = Release|x64
		{F2EBDC92-78F4-4446-8D31-0CC43BF41CC5}.Release|x86.ActiveCfg = Release|x86
		{C214AF46-1EA7-44AB-BC3A-08BB36D1DF7C}.Debug|ARM.ActiveCfg = Debug|ARM
		{C214AF46-1EA7-44AB-BC3A-08BB36D1DF7C}.Debug|ARM.Build.0 = Debug|ARM
		{C214AF46-1EA7-44AB-BC3A-08BB36D1DF7C}.Debug|ARM.Deploy.0 = Debug|ARM
		{C214AF46-1EA7-44AB-BC3A-08BB36D1DF7C}.Debug|ARM64.ActiveCfg = Debug|ARM64
		{C214AF46-1EA7-44AB-BC3A-08BB36D1DF7C}.Debug|ARM64.Build.0 = Debug|ARM64
		{C214AF46-1EA7-44AB-BC3A-08BB36D1DF7C}.Debug|ARM64.Deploy.0 = Debug|ARM64
		{C214AF46-1EA7-44AB-BC3A-08BB36D1DF7C}.Debug|x64.ActiveCfg = Debug|x64
		{C214AF46-1EA7-44AB-BC3A-08BB36D1DF7C}.Debug|x64.Build.0 = Debug|x64
		{C214AF46-1EA7-44AB-BC3A-08BB36D1DF7C}.Debug|x64.Deploy.0 = Debug|x64
		{C214AF46-1EA7-44AB-BC3A-08BB36D1DF7C}.Debug|x86.ActiveCfg = Debug|x86
		{C214AF46-1EA7-44AB-BC3A-08BB36D1DF7C}.Release|ARM.ActiveCfg = Release|ARM
		{C214AF46-1EA7-44AB-BC3A-08BB36D1DF7C}.Release|ARM.Build.0 = Release|ARM
		{C214AF46-1EA7-44AB-BC3A-08BB36D1DF7C}.Release|ARM.Deploy.0 = Release|ARM
		{C214AF46-1EA7-44AB-BC3A-08BB36D1DF7C}.Release|ARM64.ActiveCfg = Release|ARM64
		{C214AF46-1EA7-44AB-BC3A-08BB36D1DF7C}.Release|ARM64.Build.0 = Release|ARM64
		{C214AF46-1EA7-44AB-BC3A-08BB36D1DF7C}.Release|ARM64.Deploy.0 = Release|ARM64
		{C214AF46-1EA7-44AB-BC3A-08BB36D1DF7C}.Release|x64.ActiveCfg = Release|x64
		{C214AF46-1EA7-44AB-BC3A-08BB36D1DF7C}.Release|x64.Build.0 = Release|x64
		{C214AF46-1EA7-44AB-BC3A-08BB36D1DF7C}.Release|x64.Deploy.0 = Release|x64
		{C214AF46-1EA7-44AB-BC3A-08BB36D1DF7C}.Release|x86.ActiveCfg = Release|x86
		{717EE930-7831-4838-BE04-95D18CEE79C8}.Debug|ARM.ActiveCfg = Debug|ARM
		{717EE930-7831-4838-BE04-95D18CEE79C8}.Debug|ARM.Build.0 = Debug|ARM
		{717EE930-7831-4838-BE04-95D18CEE79C8}.Debug|ARM64.ActiveCfg = Debug|ARM64
		{717EE930-7831-4838-BE04-95D18CEE79C8}.Debug|ARM64.Build.0 = Debug|ARM64
		{717EE930-7831-4838-BE04-95D18CEE79C8}.Debug|x64.ActiveCfg = Debug|x64
		{717EE930-7831-4838-BE04-95D18CEE79C8}.Debug|x64.Build.0 = Debug|x64
		{717EE930-7831-4838-BE04-95D18CEE79C8}.Debug|x86.ActiveCfg = Debug|x86
		{717EE930-7831-4838-BE04-95D18CEE79C8}.Debug|x86.Build.0 = Debug|x86
		{717EE930-7831-4838-BE04-95D18CEE79C8}.Release|ARM.ActiveCfg = Release|ARM
		{717EE930-7831-4838-BE04-95D18CEE79C8}.Release|ARM.Build.0 = Release|ARM
		{717EE930-7831-4838-BE04-95D18CEE79C8}.Release|ARM64.ActiveCfg = Release|ARM64
		{717EE930-7831-4838-BE04-95D18CEE79C8}.Release|ARM64.Build.0 = Release|ARM64
		{717EE930-7831-4838-BE04-95D18CEE79C8}.Release|x64.ActiveCfg = Release|x64
		{717EE930-7831-4838-BE04-95D18CEE79C8}.Release|x64.Build.0 = Release|x64
		{717EE930-7831-4838-BE04-95D18CEE79C8}.Release|x86.ActiveCfg = Release|x86
		{717EE930-7831-4838-BE04-95D18CEE79C8}.Release|x86.Build.0 = Release|x86
		{64B40CD2-0F11-42E3-8FA3-E926A944B6CF}.Debug|ARM.ActiveCfg = Debug|ARM
		{64B40CD2-0F11-42E3-8FA3-E926A944B6CF}.Debug|ARM.Build.0 = Debug|ARM
		{64B40CD2-0F11-42E3-8FA3-E926A944B6CF}.Debug|ARM64.ActiveCfg = Debug|ARM64
		{64B40CD2-0F11-42E3-8FA3-E926A944B6CF}.Debug|ARM64.Build.0 = Debug|ARM64
		{64B40CD2-0F11-42E3-8FA3-E926A944B6CF}.Debug|x64.ActiveCfg = Debug|x64
		{64B40CD2-0F11-42E3-8FA3-E926A944B6CF}.Debug|x64.Build.0 = Debug|x64
		{64B40CD2-0F11-42E3-8FA3-E926A944B6CF}.Debug|x86.ActiveCfg = Debug|x86
		{64B40CD2-0F11-42E3-8FA3-E926A944B6CF}.Debug|x86.Build.0 = Debug|x86
		{64B40CD2-0F11-42E3-8FA3-E926A944B6CF}.Release|ARM.ActiveCfg = Release|ARM
		{64B40CD2-0F11-42E3-8FA3-E926A944B6CF}.Release|ARM.Build.0 = Release|ARM
		{64B40CD2-0F11-42E3-8FA3-E926A944B6CF}.Release|ARM64.ActiveCfg = Release|ARM64
		{64B40CD2-0F11-42E3-8FA3-E926A944B6CF}.Release|ARM64.Build.0 = Release|ARM64
		{64B40CD2-0F11-42E3-8FA3-E926A944B6CF}.Release|x64.ActiveCfg = Release|x64
		{64B40CD2-0F11-42E3-8FA3-E926A944B6CF}.Release|x64.Build.0 = Release|x64
		{64B40CD2-0F11-42E3-8FA3-E926A944B6CF}.Release|x86.ActiveCfg = Release|x86
		{64B40CD2-0F11-42E3-8FA3-E926A944B6CF}.Release|x86.Build.0 = Release|x86
		{6D62A59E-4AE8-44CD-A8AA-28E7CC10CB91}.Debug|ARM.ActiveCfg = Debug|ARM
		{6D62A59E-4AE8-44CD-A8AA-28E7CC10CB91}.Debug|ARM.Build.0 = Debug|ARM
		{6D62A59E-4AE8-44CD-A8AA-28E7CC10CB91}.Debug|ARM.Deploy.0 = Debug|ARM
		{6D62A59E-4AE8-44CD-A8AA-28E7CC10CB91}.Debug|ARM64.ActiveCfg = Debug|ARM64
		{6D62A59E-4AE8-44CD-A8AA-28E7CC10CB91}.Debug|ARM64.Build.0 = Debug|ARM64
		{6D62A59E-4AE8-44CD-A8AA-28E7CC10CB91}.Debug|ARM64.Deploy.0 = Debug|ARM64
		{6D62A59E-4AE8-44CD-A8AA-28E7CC10CB91}.Debug|x64.ActiveCfg = Debug|x64
		{6D62A59E-4AE8-44CD-A8AA-28E7CC10CB91}.Debug|x64.Build.0 = Debug|x64
		{6D62A59E-4AE8-44CD-A8AA-28E7CC10CB91}.Debug|x64.Deploy.0 = Debug|x64
		{6D62A59E-4AE8-44CD-A8AA-28E7CC10CB91}.Debug|x86.ActiveCfg = Debug|x86
		{6D62A59E-4AE8-44CD-A8AA-28E7CC10CB91}.Debug|x86.Build.0 = Debug|x86
		{6D62A59E-4AE8-44CD-A8AA-28E7CC10CB91}.Debug|x86.Deploy.0 = Debug|x86
		{6D62A59E-4AE8-44CD-A8AA-28E7CC10CB91}.Release|ARM.ActiveCfg = Release|ARM
		{6D62A59E-4AE8-44CD-A8AA-28E7CC10CB91}.Release|ARM.Build.0 = Release|ARM
		{6D62A59E-4AE8-44CD-A8AA-28E7CC10CB91}.Release|ARM.Deploy.0 = Release|ARM
		{6D62A59E-4AE8-44CD-A8AA-28E7CC10CB91}.Release|ARM64.ActiveCfg = Release|ARM64
		{6D62A59E-4AE8-44CD-A8AA-28E7CC10CB91}.Release|ARM64.Build.0 = Release|ARM64
		{6D62A59E-4AE8-44CD-A8AA-28E7CC10CB91}.Release|ARM64.Deploy.0 = Release|ARM64
		{6D62A59E-4AE8-44CD-A8AA-28E7CC10CB91}.Release|x64.ActiveCfg = Release|x64
		{6D62A59E-4AE8-44CD-A8AA-28E7CC10CB91}.Release|x64.Build.0 = Release|x64
		{6D62A59E-4AE8-44CD-A8AA-28E7CC10CB91}.Release|x64.Deploy.0 = Release|x64
		{6D62A59E-4AE8-44CD-A8AA-28E7CC10CB91}.Release|x86.ActiveCfg = Release|x86
		{6D62A59E-4AE8-44CD-A8AA-28E7CC10CB91}.Release|x86.Build.0 = Release|x86
		{6D62A59E-4AE8-44CD-A8AA-28E7CC10CB91}.Release|x86.Deploy.0 = Release|x86
	EndGlobalSection
	GlobalSection(SolutionProperties) = preSolution
		HideSolutionNode = FALSE
	EndGlobalSection
EndGlobal
