<?xml version="1.0" encoding="utf-8"?>
<Project ToolsVersion="4.0" xmlns="http://schemas.microsoft.com/developer/msbuild/2003">
  <ItemGroup>
    <Filter Include="Source Files">
      <UniqueIdentifier>{a69d7866-5d89-4b3e-8fef-f08911dcccfb}</UniqueIdentifier>
      <Extensions>cpp;c;cxx;def;odl;idl;hpj;bat;asm</Extensions>
    </Filter>
    <Filter Include="Header Files">
      <UniqueIdentifier>{501bf84e-83e0-4f93-85b9-c465fd8aff63}</UniqueIdentifier>
      <Extensions>h;hpp;hxx;hm;inl;inc</Extensions>
    </Filter>
    <Filter Include="Resource Files">
      <UniqueIdentifier>{545e165d-7e9b-4e16-9297-9f93b5226818}</UniqueIdentifier>
      <Extensions>rc;ico;cur;bmp;dlg;rc2;rct;bin;rgs;jpg;jpeg;jpe;manifest</Extensions>
    </Filter>
    <Filter Include="TextElite Files">
      <UniqueIdentifier>{db6494e4-1d52-4564-ac3a-da2bcaeb3a6b}</UniqueIdentifier>
    </Filter>
  </ItemGroup>
  <ItemGroup>
    <ClCompile Include="MarketView.cpp">
      <Filter>Source Files</Filter>
    </ClCompile>
    <ClCompile Include="PlanetInfoView.cpp">
      <Filter>Source Files</Filter>
    </ClCompile>
    <ClCompile Include="PocketTextElite.cpp">
      <Filter>Source Files</Filter>
    </ClCompile>
    <ClCompile Include="ShortRangeMapCtrl.cpp">
      <Filter>Source Files</Filter>
    </ClCompile>
    <ClCompile Include="ShortRangeMapView.cpp">
      <Filter>Source Files</Filter>
    </ClCompile>
    <ClCompile Include="stdafx.cpp">
      <Filter>Source Files</Filter>
    </ClCompile>
    <ClCompile Include="TextElite.cpp">
      <Filter>TextElite Files</Filter>
    </ClCompile>
    <ClCompile Include="TXTELITE.C">
      <Filter>TextElite Files</Filter>
    </ClCompile>
    <ClCompile Include="MainFrame.cpp">
      <Filter>Source Files</Filter>
    </ClCompile>
  </ItemGroup>
  <ItemGroup>
    <ClInclude Include="resource.h">
      <Filter>Header Files</Filter>
    </ClInclude>
    <ClInclude Include="stdafx.h">
      <Filter>Header Files</Filter>
    </ClInclude>
    <ClInclude Include="conio.h">
      <Filter>TextElite Files</Filter>
    </ClInclude>
    <ClInclude Include="graph.h">
      <Filter>TextElite Files</Filter>
    </ClInclude>
    <ClInclude Include="stdio.h">
      <Filter>TextElite Files</Filter>
    </ClInclude>
    <ClInclude Include="IMainFrame.hpp">
      <Filter>Header Files</Filter>
    </ClInclude>
    <ClInclude Include="ShortRangeMapCtrl.hpp">
      <Filter>Header Files</Filter>
    </ClInclude>
    <ClInclude Include="ShortRangeMapView.hpp">
      <Filter>Header Files</Filter>
    </ClInclude>
    <ClInclude Include="TextElite.hpp">
      <Filter>TextElite Files</Filter>
    </ClInclude>
    <ClInclude Include="MainFrame.hpp">
      <Filter>Header Files</Filter>
    </ClInclude>
    <ClInclude Include="MarketView.hpp">
      <Filter>Header Files</Filter>
    </ClInclude>
    <ClInclude Include="PlanetInfoView.hpp">
      <Filter>Header Files</Filter>
    </ClInclude>
    <ClInclude Include="PlanetInfo.hpp">
      <Filter>Header Files</Filter>
    </ClInclude>
    <ClInclude Include="AboutDlg.hpp">
      <Filter>Header Files</Filter>
    </ClInclude>
  </ItemGroup>
  <ItemGroup>
    <Image Include="PocketTextElite.ico">
      <Filter>Resource Files</Filter>
    </Image>
  </ItemGroup>
  <ItemGroup>
    <ResourceCompile Include="PocketTextElite.rc">
      <Filter>Resource Files</Filter>
    </ResourceCompile>
  </ItemGroup>
  <ItemGroup>
    <None Include="packages.config" />
  </ItemGroup>
</Project>